
Microsoft Visual Studio Solution File, Format Version 12.00
# Visual Studio Version 17
VisualStudioVersion = 17.8.34322.80
MinimumVisualStudioVersion = 10.0.40219.1
Project("{FAE04EC0-301F-11D3-BF4B-00C04F79EFBC}") = "tag-news", "tag-news.csproj", "{F9A66E82-C0C6-49D0-834F-F8D4D4EBB8A4}"
EndProject
Global
	GlobalSection(SolutionConfigurationPlatforms) = preSolution
		Debug|Any CPU = Debug|Any CPU
		Release|Any CPU = Release|Any CPU
	EndGlobalSection
	GlobalSection(ProjectConfigurationPlatforms) = postSolution
		{F9A66E82-C0C6-49D0-834F-F8D4D4EBB8A4}.Debug|Any CPU.ActiveCfg = Debug|Any CPU
		{F9A66E82-C0C6-49D0-834F-F8D4D4EBB8A4}.Debug|Any CPU.Build.0 = Debug|Any CPU
		{F9A66E82-C0C6-49D0-834F-F8D4D4EBB8A4}.Release|Any CPU.ActiveCfg = Release|Any CPU
		{F9A66E82-C0C6-49D0-834F-F8D4D4EBB8A4}.Release|Any CPU.Build.0 = Release|Any CPU
	EndGlobalSection
	GlobalSection(SolutionProperties) = preSolution
		HideSolutionNode = FALSE
	EndGlobalSection
	GlobalSection(ExtensibilityGlobals) = postSolution
		SolutionGuid = {38E5FF1D-DA9C-42C3-8C1F-21BEF9E54335}
	EndGlobalSection
EndGlobal
